
Microsoft Visual Studio Solution File, Format Version 12.00
# Visual Studio Version 16
VisualStudioVersion = 25.0.1706.0
MinimumVisualStudioVersion = 10.0.40219.1
Project("{FAE04EC0-301F-11D3-BF4B-00C04F79EFBC}") = "deliverable2", "deliverable2.csproj", "{5BDA0FE9-D1F2-449C-B7F2-5F7CD5350CDB}"
EndProject
Global
	GlobalSection(SolutionConfigurationPlatforms) = preSolution
		Debug|Any CPU = Debug|Any CPU
		Release|Any CPU = Release|Any CPU
	EndGlobalSection
	GlobalSection(ProjectConfigurationPlatforms) = postSolution
		{5BDA0FE9-D1F2-449C-B7F2-5F7CD5350CDB}.Debug|Any CPU.ActiveCfg = Debug|Any CPU
		{5BDA0FE9-D1F2-449C-B7F2-5F7CD5350CDB}.Debug|Any CPU.Build.0 = Debug|Any CPU
		{5BDA0FE9-D1F2-449C-B7F2-5F7CD5350CDB}.Release|Any CPU.ActiveCfg = Release|Any CPU
		{5BDA0FE9-D1F2-449C-B7F2-5F7CD5350CDB}.Release|Any CPU.Build.0 = Release|Any CPU
	EndGlobalSection
	GlobalSection(SolutionProperties) = preSolution
		HideSolutionNode = FALSE
	EndGlobalSection
	GlobalSection(ExtensibilityGlobals) = postSolution
		SolutionGuid = {4C79AA2B-60EB-40DB-B033-BD624F2BFC50}
	EndGlobalSection
EndGlobal
